// !$*UTF8*$!
{
	archiveVersion = 1;
	classes = {
	};
	objectVersion = 54;
	objects = {

/* Begin PBXBuildFile section */
		00E356F31AD99517003FC87E /* coffee_shopTests.m in Sources */ = {isa = PBXBuildFile; fileRef = 00E356F21AD99517003FC87E /* coffee_shopTests.m */; };
		0C80B921A6F3F58F76C31292 /* libPods-coffee_shop.a in Frameworks */ = {isa = PBXBuildFile; fileRef = 5DCACB8F33CDC322A6C60F78 /* libPods-coffee_shop.a */; };
		13B07FBC1A68108700A75B9A /* AppDelegate.mm in Sources */ = {isa = PBXBuildFile; fileRef = 13B07FB01A68108700A75B9A /* AppDelegate.mm */; };
		13B07FBF1A68108700A75B9A /* Images.xcassets in Resources */ = {isa = PBXBuildFile; fileRef = 13B07FB51A68108700A75B9A /* Images.xcassets */; };
		13B07FC11A68108700A75B9A /* main.m in Sources */ = {isa = PBXBuildFile; fileRef = 13B07FB71A68108700A75B9A /* main.m */; };
		7699B88040F8A987B510C191 /* libPods-coffee_shop-coffee_shopTests.a in Frameworks */ = {isa = PBXBuildFile; fileRef = 19F6CBCC0A4E27FBF8BF4A61 /* libPods-coffee_shop-coffee_shopTests.a */; };
		81AB9BB82411601600AC10FF /* LaunchScreen.storyboard in Resources */ = {isa = PBXBuildFile; fileRef = 81AB9BB72411601600AC10FF /* LaunchScreen.storyboard */; };
		91DAB85B98AB48DAB118CC91 /* Poppins-Black.ttf in Resources */ = {isa = PBXBuildFile; fileRef = 487FAFCD3D644A58A39F291A /* Poppins-Black.ttf */; };
		B30519CD780E4BB0854731D2 /* Poppins-Bold.ttf in Resources */ = {isa = PBXBuildFile; fileRef = 037AF6315832443BB802EA82 /* Poppins-Bold.ttf */; };
		9F423BA0A63C4E6CAC2A25FA /* Poppins-ExtraBold.ttf in Resources */ = {isa = PBXBuildFile; fileRef = 4F5AB2097EC54E2385353508 /* Poppins-ExtraBold.ttf */; };
		A6633515C2B94F7FBB7E3B39 /* Poppins-ExtraLight.ttf in Resources */ = {isa = PBXBuildFile; fileRef = F68BF6909291442AB55D7DC1 /* Poppins-ExtraLight.ttf */; };
		81A298EEC38D4BB190CB4460 /* Poppins-Light.ttf in Resources */ = {isa = PBXBuildFile; fileRef = 99A60A0AD8994B6FA9DD2DB5 /* Poppins-Light.ttf */; };
		98E1C778F85A4A448D3F4C75 /* Poppins-Medium.ttf in Resources */ = {isa = PBXBuildFile; fileRef = 61DC53E98A064A51BF7DD08F /* Poppins-Medium.ttf */; };
		044D9FEE33DC4A21BE5D4B88 /* Poppins-Regular.ttf in Resources */ = {isa = PBXBuildFile; fileRef = 7C5F4075A55049DB8D81A3CA /* Poppins-Regular.ttf */; };
		B2C4AA9ADCF64172BAC1497F /* Poppins-SemiBold.ttf in Resources */ = {isa = PBXBuildFile; fileRef = BECF0D227D9346ADA3E4D3D3 /* Poppins-SemiBold.ttf */; };
		9D64D651461145E19F84FB2C /* Poppins-Thin.ttf in Resources */ = {isa = PBXBuildFile; fileRef = 95C27652A9504C7BA6C9F2C3 /* Poppins-Thin.ttf */; };
		D228B14182ED49A2BBF5E4F1 /* app_icons.ttf in Resources */ = {isa = PBXBuildFile; fileRef = 12E0C661C9204EEAB5C416DC /* app_icons.ttf */; };
		FCCE476199FA4CD999D7219F /* amazonpay.png in Resources */ = {isa = PBXBuildFile; fileRef = C96E4EB58D35483CAD534369 /* amazonpay.png */; };
		B13F3BFE16A94828A36A3048 /* applepay.png in Resources */ = {isa = PBXBuildFile; fileRef = 74EBF6FD599848FBB31F4D78 /* applepay.png */; };
		0E2C0DA4B68140608D744E07 /* avatar.png in Resources */ = {isa = PBXBuildFile; fileRef = 4A1953B9A9C44EB884CC3ACC /* avatar.png */; };
		DE2640CC243C48D2B35E94F3 /* gpay.png in Resources */ = {isa = PBXBuildFile; fileRef = EF7A0CFAB08747AEBE48A3B5 /* gpay.png */; };
		9F92C64C0F3F4012B02FE4DD /* americano_pic_1_portrait.png in Resources */ = {isa = PBXBuildFile; fileRef = D43823EDF72747309996B05C /* americano_pic_1_portrait.png */; };
		3231AD88C7ED42D3942CD753 /* americano_pic_2_portrait.png in Resources */ = {isa = PBXBuildFile; fileRef = E50BFF535AE4418C902BCC89 /* americano_pic_2_portrait.png */; };
		1CD721E10F8E4A958C7C57A1 /* americano_pic_3_portrait.png in Resources */ = {isa = PBXBuildFile; fileRef = 41962D5530B84FA0BC172CFA /* americano_pic_3_portrait.png */; };
		E7951B7A123944F3B2BC6F80 /* americano_pic_1_square.png in Resources */ = {isa = PBXBuildFile; fileRef = 25162D75280F4C2CAFE92D43 /* americano_pic_1_square.png */; };
		AA4E2217D1244789AA357237 /* americano_pic_2_square.png in Resources */ = {isa = PBXBuildFile; fileRef = 7DCDBC66FE114566A1ECA560 /* americano_pic_2_square.png */; };
		AAD5F3EA44E74559BE27D136 /* americano_pic_3_square.png in Resources */ = {isa = PBXBuildFile; fileRef = 51427067753F45A7A934DDE7 /* americano_pic_3_square.png */; };
		B5163043B3994E509F981B1E /* arabica_coffee_beans_portrait.png in Resources */ = {isa = PBXBuildFile; fileRef = 96A1FB7FAEB2457EAEBC2074 /* arabica_coffee_beans_portrait.png */; };
		F68DDEF0C43A4F25AA4B74DF /* arabica_coffee_beans_square.png in Resources */ = {isa = PBXBuildFile; fileRef = E93A362527DC406290F78CDA /* arabica_coffee_beans_square.png */; };
		AAF8DB837FEE44FAB7605290 /* black_coffee_pic_1_portrait.png in Resources */ = {isa = PBXBuildFile; fileRef = 62C016BE02E444D48314DA0C /* black_coffee_pic_1_portrait.png */; };
		7AA89C7229CB4F59830762EE /* black_coffee_pic_2_portrait.png in Resources */ = {isa = PBXBuildFile; fileRef = 7AEE6878C0434FEBBEB45F6C /* black_coffee_pic_2_portrait.png */; };
		1E29C1466BBA443BAB28E845 /* black_coffee_pic_3_portrait.png in Resources */ = {isa = PBXBuildFile; fileRef = F61F158C92834779B3424DF1 /* black_coffee_pic_3_portrait.png */; };
		03E778DBAB634A1EB50F620A /* black_coffee_pic_1_square.png in Resources */ = {isa = PBXBuildFile; fileRef = 1E074DCA67D24D8B9E410F3A /* black_coffee_pic_1_square.png */; };
		67645C79DD8246C3BFD8AE37 /* black_coffee_pic_2_square.png in Resources */ = {isa = PBXBuildFile; fileRef = 017F1EAF45734CD7BFAB6EFA /* black_coffee_pic_2_square.png */; };
		1B5EF81BACC74F7D82D363FF /* black_coffee_pic_3_square.png in Resources */ = {isa = PBXBuildFile; fileRef = 2CCBB7B2159C4A37892F9436 /* black_coffee_pic_3_square.png */; };
		21C815FB6E5E4011A9130562 /* cappuccino_pic_1_portrait.png in Resources */ = {isa = PBXBuildFile; fileRef = 32762D70653247F4BFDF689D /* cappuccino_pic_1_portrait.png */; };
		F9CCADF5A35946698F99F664 /* cappuccino_pic_2_portrait.png in Resources */ = {isa = PBXBuildFile; fileRef = D1D1945771F541B4AC8374A5 /* cappuccino_pic_2_portrait.png */; };
		21ED04D901FB454180C20C84 /* cappuccino_pic_3_portrait.png in Resources */ = {isa = PBXBuildFile; fileRef = 70779A54774D47948CCC21B0 /* cappuccino_pic_3_portrait.png */; };
		4483BD0861EC4790B1174432 /* cappuccino_pic_1_square.png in Resources */ = {isa = PBXBuildFile; fileRef = EDC03A8B82AF43EFB2DE43CA /* cappuccino_pic_1_square.png */; };
		A66B931F5394427EABF6AF72 /* cappuccino_pic_2_square.png in Resources */ = {isa = PBXBuildFile; fileRef = 326FE7EE579F480FA3F94B6C /* cappuccino_pic_2_square.png */; };
		8C6DBA23BAFC497F80BBD341 /* cappuccino_pic_3_square.png in Resources */ = {isa = PBXBuildFile; fileRef = 41E6239ED027439596F9CCF0 /* cappuccino_pic_3_square.png */; };
		991088427F0346BDB9D3DDE8 /* espresso_pic_1_portrait.png in Resources */ = {isa = PBXBuildFile; fileRef = F03D283B564C4F07B9F1D370 /* espresso_pic_1_portrait.png */; };
		132E95ACA9B34A4EBF40E2D7 /* espresso_pic_2_portrait.png in Resources */ = {isa = PBXBuildFile; fileRef = FD43F6313D294906828424A3 /* espresso_pic_2_portrait.png */; };
		68E9FA60EB8E4FD5A8C5D1E8 /* espresso_pic_3_portrait.png in Resources */ = {isa = PBXBuildFile; fileRef = 80EA893B38DC444BB888A8A4 /* espresso_pic_3_portrait.png */; };
		91696D0753024F4382DE10E3 /* espresso_pic_1_square.png in Resources */ = {isa = PBXBuildFile; fileRef = ADA10D5A97184B8589ABD769 /* espresso_pic_1_square.png */; };
		C80B65E06A154C629576022C /* espresso_pic_2_square.png in Resources */ = {isa = PBXBuildFile; fileRef = 8F4036A388C9400696880779 /* espresso_pic_2_square.png */; };
		D65F7FEA9F8845B48DD5A950 /* espresso_pic_3_square.png in Resources */ = {isa = PBXBuildFile; fileRef = 9F35BD9263784A3088666371 /* espresso_pic_3_square.png */; };
		D6157A93CCD2467599BABB8B /* excelsa_coffee_beans_portrait.png in Resources */ = {isa = PBXBuildFile; fileRef = B8EB8BACE9774D75BF89019C /* excelsa_coffee_beans_portrait.png */; };
		2FB3CD69972E4EBA8DF797CB /* excelsa_coffee_beans_square.png in Resources */ = {isa = PBXBuildFile; fileRef = 3F41C83D48344EAA8A9709A6 /* excelsa_coffee_beans_square.png */; };
		764425B475C84A899EECA3A1 /* latte_pic_1_portrait.png in Resources */ = {isa = PBXBuildFile; fileRef = E4050CC7F45B4D8288618A90 /* latte_pic_1_portrait.png */; };
		C6524C89658A4FED8CB53791 /* latte_pic_2_portrait.png in Resources */ = {isa = PBXBuildFile; fileRef = D8A2606FCAFE44B094C1192E /* latte_pic_2_portrait.png */; };
		7FECCE755F9A447A89E10C8B /* latte_pic_3_portrait.png in Resources */ = {isa = PBXBuildFile; fileRef = 131377762E0E4E62B11F7104 /* latte_pic_3_portrait.png */; };
		EDA42459F856490DB3B1E6EA /* latte_pic_1_square.png in Resources */ = {isa = PBXBuildFile; fileRef = BB6578BDA40943729FF582B4 /* latte_pic_1_square.png */; };
		00CD56DB190840F88047E1EB /* latte_pic_2_square.png in Resources */ = {isa = PBXBuildFile; fileRef = 6BD0D9FE370A4CC3B3D74A76 /* latte_pic_2_square.png */; };
		E7546FBE50B147EB9765A2FE /* latte_pic_3_square.png in Resources */ = {isa = PBXBuildFile; fileRef = 9B3B1296A419447C91D4FD9A /* latte_pic_3_square.png */; };
		DD771AB0E74E40A1A1434C5D /* liberica_coffee_beans_portrait.png in Resources */ = {isa = PBXBuildFile; fileRef = AA379A56BBCA42F4A3E67B74 /* liberica_coffee_beans_portrait.png */; };
		36E62E2950C941B9B257CDF6 /* liberica_coffee_beans_square.png in Resources */ = {isa = PBXBuildFile; fileRef = 817E08483A4748B6B2326E02 /* liberica_coffee_beans_square.png */; };
		B8A0FF3C893A42BA877C9EE1 /* macchiato_pic_1_portrait.png in Resources */ = {isa = PBXBuildFile; fileRef = 18C7A0483D35453B9D1F6A40 /* macchiato_pic_1_portrait.png */; };
		207007BF32984FE9BAB85399 /* macchiato_pic_2_portrait.png in Resources */ = {isa = PBXBuildFile; fileRef = 683CD7D267F742B8ABA74BDF /* macchiato_pic_2_portrait.png */; };
		22944C5EC4BE45E39ED82B44 /* macchiato_pic_3_portrait.png in Resources */ = {isa = PBXBuildFile; fileRef = 2E55218894F54FAD9E2E5829 /* macchiato_pic_3_portrait.png */; };
		ECBF2A840F6B4752BA90CDB4 /* macchiato_pic_1_square.png in Resources */ = {isa = PBXBuildFile; fileRef = 48F6D8E2889243D484660DE1 /* macchiato_pic_1_square.png */; };
		243D1266CA654FA8BE1A9514 /* macchiato_pic_2_square.png in Resources */ = {isa = PBXBuildFile; fileRef = 44B71602733A4223828464B5 /* macchiato_pic_2_square.png */; };
		92D9EB31BED74E12B3AF7491 /* macchiato_pic_3_square.png in Resources */ = {isa = PBXBuildFile; fileRef = 3C11D08E77CD47398C855ED9 /* macchiato_pic_3_square.png */; };
		C57A3C0D6E2547DFA9793C4E /* robusta_coffee_beans_portrait.png in Resources */ = {isa = PBXBuildFile; fileRef = FAA9F8DB1FF94F17B2C79D54 /* robusta_coffee_beans_portrait.png */; };
		79C35BB0E27242FA977B62D5 /* robusta_coffee_beans_square.png in Resources */ = {isa = PBXBuildFile; fileRef = 7C78593A55C148EAB7E79353 /* robusta_coffee_beans_square.png */; };
/* End PBXBuildFile section */

/* Begin PBXContainerItemProxy section */
		00E356F41AD99517003FC87E /* PBXContainerItemProxy */ = {
			isa = PBXContainerItemProxy;
			containerPortal = 83CBB9F71A601CBA00E9B192 /* Project object */;
			proxyType = 1;
			remoteGlobalIDString = 13B07F861A680F5B00A75B9A;
			remoteInfo = coffee_shop;
		};
/* End PBXContainerItemProxy section */

/* Begin PBXFileReference section */
		00E356EE1AD99517003FC87E /* coffee_shopTests.xctest */ = {isa = PBXFileReference; explicitFileType = wrapper.cfbundle; includeInIndex = 0; path = coffee_shopTests.xctest; sourceTree = BUILT_PRODUCTS_DIR; };
		00E356F11AD99517003FC87E /* Info.plist */ = {isa = PBXFileReference; lastKnownFileType = text.plist.xml; path = Info.plist; sourceTree = "<group>"; };
		00E356F21AD99517003FC87E /* coffee_shopTests.m */ = {isa = PBXFileReference; lastKnownFileType = sourcecode.c.objc; path = coffee_shopTests.m; sourceTree = "<group>"; };
		13B07F961A680F5B00A75B9A /* coffee_shop.app */ = {isa = PBXFileReference; explicitFileType = wrapper.application; includeInIndex = 0; path = coffee_shop.app; sourceTree = BUILT_PRODUCTS_DIR; };
		13B07FAF1A68108700A75B9A /* AppDelegate.h */ = {isa = PBXFileReference; fileEncoding = 4; lastKnownFileType = sourcecode.c.h; name = AppDelegate.h; path = coffee_shop/AppDelegate.h; sourceTree = "<group>"; };
		13B07FB01A68108700A75B9A /* AppDelegate.mm */ = {isa = PBXFileReference; fileEncoding = 4; lastKnownFileType = sourcecode.cpp.objcpp; name = AppDelegate.mm; path = coffee_shop/AppDelegate.mm; sourceTree = "<group>"; };
		13B07FB51A68108700A75B9A /* Images.xcassets */ = {isa = PBXFileReference; lastKnownFileType = folder.assetcatalog; name = Images.xcassets; path = coffee_shop/Images.xcassets; sourceTree = "<group>"; };
		13B07FB61A68108700A75B9A /* Info.plist */ = {isa = PBXFileReference; fileEncoding = 4; lastKnownFileType = text.plist.xml; name = Info.plist; path = coffee_shop/Info.plist; sourceTree = "<group>"; };
		13B07FB71A68108700A75B9A /* main.m */ = {isa = PBXFileReference; fileEncoding = 4; lastKnownFileType = sourcecode.c.objc; name = main.m; path = coffee_shop/main.m; sourceTree = "<group>"; };
		13B07FB81A68108700A75B9A /* PrivacyInfo.xcprivacy */ = {isa = PBXFileReference; fileEncoding = 4; lastKnownFileType = text.plist.xml; name = PrivacyInfo.xcprivacy; path = coffee_shop/PrivacyInfo.xcprivacy; sourceTree = "<group>"; };
		19F6CBCC0A4E27FBF8BF4A61 /* libPods-coffee_shop-coffee_shopTests.a */ = {isa = PBXFileReference; explicitFileType = archive.ar; includeInIndex = 0; path = "libPods-coffee_shop-coffee_shopTests.a"; sourceTree = BUILT_PRODUCTS_DIR; };
		3B4392A12AC88292D35C810B /* Pods-coffee_shop.debug.xcconfig */ = {isa = PBXFileReference; includeInIndex = 1; lastKnownFileType = text.xcconfig; name = "Pods-coffee_shop.debug.xcconfig"; path = "Target Support Files/Pods-coffee_shop/Pods-coffee_shop.debug.xcconfig"; sourceTree = "<group>"; };
		5709B34CF0A7D63546082F79 /* Pods-coffee_shop.release.xcconfig */ = {isa = PBXFileReference; includeInIndex = 1; lastKnownFileType = text.xcconfig; name = "Pods-coffee_shop.release.xcconfig"; path = "Target Support Files/Pods-coffee_shop/Pods-coffee_shop.release.xcconfig"; sourceTree = "<group>"; };
		5B7EB9410499542E8C5724F5 /* Pods-coffee_shop-coffee_shopTests.debug.xcconfig */ = {isa = PBXFileReference; includeInIndex = 1; lastKnownFileType = text.xcconfig; name = "Pods-coffee_shop-coffee_shopTests.debug.xcconfig"; path = "Target Support Files/Pods-coffee_shop-coffee_shopTests/Pods-coffee_shop-coffee_shopTests.debug.xcconfig"; sourceTree = "<group>"; };
		5DCACB8F33CDC322A6C60F78 /* libPods-coffee_shop.a */ = {isa = PBXFileReference; explicitFileType = archive.ar; includeInIndex = 0; path = "libPods-coffee_shop.a"; sourceTree = BUILT_PRODUCTS_DIR; };
		81AB9BB72411601600AC10FF /* LaunchScreen.storyboard */ = {isa = PBXFileReference; fileEncoding = 4; lastKnownFileType = file.storyboard; name = LaunchScreen.storyboard; path = coffee_shop/LaunchScreen.storyboard; sourceTree = "<group>"; };
		89C6BE57DB24E9ADA2F236DE /* Pods-coffee_shop-coffee_shopTests.release.xcconfig */ = {isa = PBXFileReference; includeInIndex = 1; lastKnownFileType = text.xcconfig; name = "Pods-coffee_shop-coffee_shopTests.release.xcconfig"; path = "Target Support Files/Pods-coffee_shop-coffee_shopTests/Pods-coffee_shop-coffee_shopTests.release.xcconfig"; sourceTree = "<group>"; };
		ED297162215061F000B7C4FE /* JavaScriptCore.framework */ = {isa = PBXFileReference; lastKnownFileType = wrapper.framework; name = JavaScriptCore.framework; path = System/Library/Frameworks/JavaScriptCore.framework; sourceTree = SDKROOT; };
		487FAFCD3D644A58A39F291A /* Poppins-Black.ttf */ = {isa = PBXFileReference; name = "Poppins-Black.ttf"; path = "../src/assets/fonts/Poppins-Black.ttf"; sourceTree = "<group>"; fileEncoding = undefined; lastKnownFileType = unknown; explicitFileType = undefined; includeInIndex = 0; };
		037AF6315832443BB802EA82 /* Poppins-Bold.ttf */ = {isa = PBXFileReference; name = "Poppins-Bold.ttf"; path = "../src/assets/fonts/Poppins-Bold.ttf"; sourceTree = "<group>"; fileEncoding = undefined; lastKnownFileType = unknown; explicitFileType = undefined; includeInIndex = 0; };
		4F5AB2097EC54E2385353508 /* Poppins-ExtraBold.ttf */ = {isa = PBXFileReference; name = "Poppins-ExtraBold.ttf"; path = "../src/assets/fonts/Poppins-ExtraBold.ttf"; sourceTree = "<group>"; fileEncoding = undefined; lastKnownFileType = unknown; explicitFileType = undefined; includeInIndex = 0; };
		F68BF6909291442AB55D7DC1 /* Poppins-ExtraLight.ttf */ = {isa = PBXFileReference; name = "Poppins-ExtraLight.ttf"; path = "../src/assets/fonts/Poppins-ExtraLight.ttf"; sourceTree = "<group>"; fileEncoding = undefined; lastKnownFileType = unknown; explicitFileType = undefined; includeInIndex = 0; };
		99A60A0AD8994B6FA9DD2DB5 /* Poppins-Light.ttf */ = {isa = PBXFileReference; name = "Poppins-Light.ttf"; path = "../src/assets/fonts/Poppins-Light.ttf"; sourceTree = "<group>"; fileEncoding = undefined; lastKnownFileType = unknown; explicitFileType = undefined; includeInIndex = 0; };
		61DC53E98A064A51BF7DD08F /* Poppins-Medium.ttf */ = {isa = PBXFileReference; name = "Poppins-Medium.ttf"; path = "../src/assets/fonts/Poppins-Medium.ttf"; sourceTree = "<group>"; fileEncoding = undefined; lastKnownFileType = unknown; explicitFileType = undefined; includeInIndex = 0; };
		7C5F4075A55049DB8D81A3CA /* Poppins-Regular.ttf */ = {isa = PBXFileReference; name = "Poppins-Regular.ttf"; path = "../src/assets/fonts/Poppins-Regular.ttf"; sourceTree = "<group>"; fileEncoding = undefined; lastKnownFileType = unknown; explicitFileType = undefined; includeInIndex = 0; };
		BECF0D227D9346ADA3E4D3D3 /* Poppins-SemiBold.ttf */ = {isa = PBXFileReference; name = "Poppins-SemiBold.ttf"; path = "../src/assets/fonts/Poppins-SemiBold.ttf"; sourceTree = "<group>"; fileEncoding = undefined; lastKnownFileType = unknown; explicitFileType = undefined; includeInIndex = 0; };
		95C27652A9504C7BA6C9F2C3 /* Poppins-Thin.ttf */ = {isa = PBXFileReference; name = "Poppins-Thin.ttf"; path = "../src/assets/fonts/Poppins-Thin.ttf"; sourceTree = "<group>"; fileEncoding = undefined; lastKnownFileType = unknown; explicitFileType = undefined; includeInIndex = 0; };
		12E0C661C9204EEAB5C416DC /* app_icons.ttf */ = {isa = PBXFileReference; name = "app_icons.ttf"; path = "../src/assets/fonts/app_icons.ttf"; sourceTree = "<group>"; fileEncoding = undefined; lastKnownFileType = unknown; explicitFileType = undefined; includeInIndex = 0; };
		C96E4EB58D35483CAD534369 /* amazonpay.png */ = {isa = PBXFileReference; name = "amazonpay.png"; path = "../src/assets/app_images/amazonpay.png"; sourceTree = "<group>"; fileEncoding = undefined; lastKnownFileType = unknown; explicitFileType = undefined; includeInIndex = 0; };
		74EBF6FD599848FBB31F4D78 /* applepay.png */ = {isa = PBXFileReference; name = "applepay.png"; path = "../src/assets/app_images/applepay.png"; sourceTree = "<group>"; fileEncoding = undefined; lastKnownFileType = unknown; explicitFileType = undefined; includeInIndex = 0; };
		4A1953B9A9C44EB884CC3ACC /* avatar.png */ = {isa = PBXFileReference; name = "avatar.png"; path = "../src/assets/app_images/avatar.png"; sourceTree = "<group>"; fileEncoding = undefined; lastKnownFileType = unknown; explicitFileType = undefined; includeInIndex = 0; };
		EF7A0CFAB08747AEBE48A3B5 /* gpay.png */ = {isa = PBXFileReference; name = "gpay.png"; path = "../src/assets/app_images/gpay.png"; sourceTree = "<group>"; fileEncoding = undefined; lastKnownFileType = unknown; explicitFileType = undefined; includeInIndex = 0; };
		D43823EDF72747309996B05C /* americano_pic_1_portrait.png */ = {isa = PBXFileReference; name = "americano_pic_1_portrait.png"; path = "../src/assets/coffee_assets/americano/portrait/americano_pic_1_portrait.png"; sourceTree = "<group>"; fileEncoding = undefined; lastKnownFileType = unknown; explicitFileType = undefined; includeInIndex = 0; };
		E50BFF535AE4418C902BCC89 /* americano_pic_2_portrait.png */ = {isa = PBXFileReference; name = "americano_pic_2_portrait.png"; path = "../src/assets/coffee_assets/americano/portrait/americano_pic_2_portrait.png"; sourceTree = "<group>"; fileEncoding = undefined; lastKnownFileType = unknown; explicitFileType = undefined; includeInIndex = 0; };
		41962D5530B84FA0BC172CFA /* americano_pic_3_portrait.png */ = {isa = PBXFileReference; name = "americano_pic_3_portrait.png"; path = "../src/assets/coffee_assets/americano/portrait/americano_pic_3_portrait.png"; sourceTree = "<group>"; fileEncoding = undefined; lastKnownFileType = unknown; explicitFileType = undefined; includeInIndex = 0; };
		25162D75280F4C2CAFE92D43 /* americano_pic_1_square.png */ = {isa = PBXFileReference; name = "americano_pic_1_square.png"; path = "../src/assets/coffee_assets/americano/square/americano_pic_1_square.png"; sourceTree = "<group>"; fileEncoding = undefined; lastKnownFileType = unknown; explicitFileType = undefined; includeInIndex = 0; };
		7DCDBC66FE114566A1ECA560 /* americano_pic_2_square.png */ = {isa = PBXFileReference; name = "americano_pic_2_square.png"; path = "../src/assets/coffee_assets/americano/square/americano_pic_2_square.png"; sourceTree = "<group>"; fileEncoding = undefined; lastKnownFileType = unknown; explicitFileType = undefined; includeInIndex = 0; };
		51427067753F45A7A934DDE7 /* americano_pic_3_square.png */ = {isa = PBXFileReference; name = "americano_pic_3_square.png"; path = "../src/assets/coffee_assets/americano/square/americano_pic_3_square.png"; sourceTree = "<group>"; fileEncoding = undefined; lastKnownFileType = unknown; explicitFileType = undefined; includeInIndex = 0; };
		96A1FB7FAEB2457EAEBC2074 /* arabica_coffee_beans_portrait.png */ = {isa = PBXFileReference; name = "arabica_coffee_beans_portrait.png"; path = "../src/assets/coffee_assets/arabica_coffee_beans/arabica_coffee_beans_portrait.png"; sourceTree = "<group>"; fileEncoding = undefined; lastKnownFileType = unknown; explicitFileType = undefined; includeInIndex = 0; };
		E93A362527DC406290F78CDA /* arabica_coffee_beans_square.png */ = {isa = PBXFileReference; name = "arabica_coffee_beans_square.png"; path = "../src/assets/coffee_assets/arabica_coffee_beans/arabica_coffee_beans_square.png"; sourceTree = "<group>"; fileEncoding = undefined; lastKnownFileType = unknown; explicitFileType = undefined; includeInIndex = 0; };
		62C016BE02E444D48314DA0C /* black_coffee_pic_1_portrait.png */ = {isa = PBXFileReference; name = "black_coffee_pic_1_portrait.png"; path = "../src/assets/coffee_assets/black_coffee/portrait/black_coffee_pic_1_portrait.png"; sourceTree = "<group>"; fileEncoding = undefined; lastKnownFileType = unknown; explicitFileType = undefined; includeInIndex = 0; };
		7AEE6878C0434FEBBEB45F6C /* black_coffee_pic_2_portrait.png */ = {isa = PBXFileReference; name = "black_coffee_pic_2_portrait.png"; path = "../src/assets/coffee_assets/black_coffee/portrait/black_coffee_pic_2_portrait.png"; sourceTree = "<group>"; fileEncoding = undefined; lastKnownFileType = unknown; explicitFileType = undefined; includeInIndex = 0; };
		F61F158C92834779B3424DF1 /* black_coffee_pic_3_portrait.png */ = {isa = PBXFileReference; name = "black_coffee_pic_3_portrait.png"; path = "../src/assets/coffee_assets/black_coffee/portrait/black_coffee_pic_3_portrait.png"; sourceTree = "<group>"; fileEncoding = undefined; lastKnownFileType = unknown; explicitFileType = undefined; includeInIndex = 0; };
		1E074DCA67D24D8B9E410F3A /* black_coffee_pic_1_square.png */ = {isa = PBXFileReference; name = "black_coffee_pic_1_square.png"; path = "../src/assets/coffee_assets/black_coffee/square/black_coffee_pic_1_square.png"; sourceTree = "<group>"; fileEncoding = undefined; lastKnownFileType = unknown; explicitFileType = undefined; includeInIndex = 0; };
		017F1EAF45734CD7BFAB6EFA /* black_coffee_pic_2_square.png */ = {isa = PBXFileReference; name = "black_coffee_pic_2_square.png"; path = "../src/assets/coffee_assets/black_coffee/square/black_coffee_pic_2_square.png"; sourceTree = "<group>"; fileEncoding = undefined; lastKnownFileType = unknown; explicitFileType = undefined; includeInIndex = 0; };
		2CCBB7B2159C4A37892F9436 /* black_coffee_pic_3_square.png */ = {isa = PBXFileReference; name = "black_coffee_pic_3_square.png"; path = "../src/assets/coffee_assets/black_coffee/square/black_coffee_pic_3_square.png"; sourceTree = "<group>"; fileEncoding = undefined; lastKnownFileType = unknown; explicitFileType = undefined; includeInIndex = 0; };
		32762D70653247F4BFDF689D /* cappuccino_pic_1_portrait.png */ = {isa = PBXFileReference; name = "cappuccino_pic_1_portrait.png"; path = "../src/assets/coffee_assets/cappuccino/portrait/cappuccino_pic_1_portrait.png"; sourceTree = "<group>"; fileEncoding = undefined; lastKnownFileType = unknown; explicitFileType = undefined; includeInIndex = 0; };
		D1D1945771F541B4AC8374A5 /* cappuccino_pic_2_portrait.png */ = {isa = PBXFileReference; name = "cappuccino_pic_2_portrait.png"; path = "../src/assets/coffee_assets/cappuccino/portrait/cappuccino_pic_2_portrait.png"; sourceTree = "<group>"; fileEncoding = undefined; lastKnownFileType = unknown; explicitFileType = undefined; includeInIndex = 0; };
		70779A54774D47948CCC21B0 /* cappuccino_pic_3_portrait.png */ = {isa = PBXFileReference; name = "cappuccino_pic_3_portrait.png"; path = "../src/assets/coffee_assets/cappuccino/portrait/cappuccino_pic_3_portrait.png"; sourceTree = "<group>"; fileEncoding = undefined; lastKnownFileType = unknown; explicitFileType = undefined; includeInIndex = 0; };
		EDC03A8B82AF43EFB2DE43CA /* cappuccino_pic_1_square.png */ = {isa = PBXFileReference; name = "cappuccino_pic_1_square.png"; path = "../src/assets/coffee_assets/cappuccino/square/cappuccino_pic_1_square.png"; sourceTree = "<group>"; fileEncoding = undefined; lastKnownFileType = unknown; explicitFileType = undefined; includeInIndex = 0; };
		326FE7EE579F480FA3F94B6C /* cappuccino_pic_2_square.png */ = {isa = PBXFileReference; name = "cappuccino_pic_2_square.png"; path = "../src/assets/coffee_assets/cappuccino/square/cappuccino_pic_2_square.png"; sourceTree = "<group>"; fileEncoding = undefined; lastKnownFileType = unknown; explicitFileType = undefined; includeInIndex = 0; };
		41E6239ED027439596F9CCF0 /* cappuccino_pic_3_square.png */ = {isa = PBXFileReference; name = "cappuccino_pic_3_square.png"; path = "../src/assets/coffee_assets/cappuccino/square/cappuccino_pic_3_square.png"; sourceTree = "<group>"; fileEncoding = undefined; lastKnownFileType = unknown; explicitFileType = undefined; includeInIndex = 0; };
		F03D283B564C4F07B9F1D370 /* espresso_pic_1_portrait.png */ = {isa = PBXFileReference; name = "espresso_pic_1_portrait.png"; path = "../src/assets/coffee_assets/espresso/portrait/espresso_pic_1_portrait.png"; sourceTree = "<group>"; fileEncoding = undefined; lastKnownFileType = unknown; explicitFileType = undefined; includeInIndex = 0; };
		FD43F6313D294906828424A3 /* espresso_pic_2_portrait.png */ = {isa = PBXFileReference; name = "espresso_pic_2_portrait.png"; path = "../src/assets/coffee_assets/espresso/portrait/espresso_pic_2_portrait.png"; sourceTree = "<group>"; fileEncoding = undefined; lastKnownFileType = unknown; explicitFileType = undefined; includeInIndex = 0; };
		80EA893B38DC444BB888A8A4 /* espresso_pic_3_portrait.png */ = {isa = PBXFileReference; name = "espresso_pic_3_portrait.png"; path = "../src/assets/coffee_assets/espresso/portrait/espresso_pic_3_portrait.png"; sourceTree = "<group>"; fileEncoding = undefined; lastKnownFileType = unknown; explicitFileType = undefined; includeInIndex = 0; };
		ADA10D5A97184B8589ABD769 /* espresso_pic_1_square.png */ = {isa = PBXFileReference; name = "espresso_pic_1_square.png"; path = "../src/assets/coffee_assets/espresso/square/espresso_pic_1_square.png"; sourceTree = "<group>"; fileEncoding = undefined; lastKnownFileType = unknown; explicitFileType = undefined; includeInIndex = 0; };
		8F4036A388C9400696880779 /* espresso_pic_2_square.png */ = {isa = PBXFileReference; name = "espresso_pic_2_square.png"; path = "../src/assets/coffee_assets/espresso/square/espresso_pic_2_square.png"; sourceTree = "<group>"; fileEncoding = undefined; lastKnownFileType = unknown; explicitFileType = undefined; includeInIndex = 0; };
		9F35BD9263784A3088666371 /* espresso_pic_3_square.png */ = {isa = PBXFileReference; name = "espresso_pic_3_square.png"; path = "../src/assets/coffee_assets/espresso/square/espresso_pic_3_square.png"; sourceTree = "<group>"; fileEncoding = undefined; lastKnownFileType = unknown; explicitFileType = undefined; includeInIndex = 0; };
		B8EB8BACE9774D75BF89019C /* excelsa_coffee_beans_portrait.png */ = {isa = PBXFileReference; name = "excelsa_coffee_beans_portrait.png"; path = "../src/assets/coffee_assets/excelsa_coffee_beans/excelsa_coffee_beans_portrait.png"; sourceTree = "<group>"; fileEncoding = undefined; lastKnownFileType = unknown; explicitFileType = undefined; includeInIndex = 0; };
		3F41C83D48344EAA8A9709A6 /* excelsa_coffee_beans_square.png */ = {isa = PBXFileReference; name = "excelsa_coffee_beans_square.png"; path = "../src/assets/coffee_assets/excelsa_coffee_beans/excelsa_coffee_beans_square.png"; sourceTree = "<group>"; fileEncoding = undefined; lastKnownFileType = unknown; explicitFileType = undefined; includeInIndex = 0; };
		E4050CC7F45B4D8288618A90 /* latte_pic_1_portrait.png */ = {isa = PBXFileReference; name = "latte_pic_1_portrait.png"; path = "../src/assets/coffee_assets/latte/portrait/latte_pic_1_portrait.png"; sourceTree = "<group>"; fileEncoding = undefined; lastKnownFileType = unknown; explicitFileType = undefined; includeInIndex = 0; };
		D8A2606FCAFE44B094C1192E /* latte_pic_2_portrait.png */ = {isa = PBXFileReference; name = "latte_pic_2_portrait.png"; path = "../src/assets/coffee_assets/latte/portrait/latte_pic_2_portrait.png"; sourceTree = "<group>"; fileEncoding = undefined; lastKnownFileType = unknown; explicitFileType = undefined; includeInIndex = 0; };
		131377762E0E4E62B11F7104 /* latte_pic_3_portrait.png */ = {isa = PBXFileReference; name = "latte_pic_3_portrait.png"; path = "../src/assets/coffee_assets/latte/portrait/latte_pic_3_portrait.png"; sourceTree = "<group>"; fileEncoding = undefined; lastKnownFileType = unknown; explicitFileType = undefined; includeInIndex = 0; };
		BB6578BDA40943729FF582B4 /* latte_pic_1_square.png */ = {isa = PBXFileReference; name = "latte_pic_1_square.png"; path = "../src/assets/coffee_assets/latte/square/latte_pic_1_square.png"; sourceTree = "<group>"; fileEncoding = undefined; lastKnownFileType = unknown; explicitFileType = undefined; includeInIndex = 0; };
		6BD0D9FE370A4CC3B3D74A76 /* latte_pic_2_square.png */ = {isa = PBXFileReference; name = "latte_pic_2_square.png"; path = "../src/assets/coffee_assets/latte/square/latte_pic_2_square.png"; sourceTree = "<group>"; fileEncoding = undefined; lastKnownFileType = unknown; explicitFileType = undefined; includeInIndex = 0; };
		9B3B1296A419447C91D4FD9A /* latte_pic_3_square.png */ = {isa = PBXFileReference; name = "latte_pic_3_square.png"; path = "../src/assets/coffee_assets/latte/square/latte_pic_3_square.png"; sourceTree = "<group>"; fileEncoding = undefined; lastKnownFileType = unknown; explicitFileType = undefined; includeInIndex = 0; };
		AA379A56BBCA42F4A3E67B74 /* liberica_coffee_beans_portrait.png */ = {isa = PBXFileReference; name = "liberica_coffee_beans_portrait.png"; path = "../src/assets/coffee_assets/liberica_coffee_beans/liberica_coffee_beans_portrait.png"; sourceTree = "<group>"; fileEncoding = undefined; lastKnownFileType = unknown; explicitFileType = undefined; includeInIndex = 0; };
		817E08483A4748B6B2326E02 /* liberica_coffee_beans_square.png */ = {isa = PBXFileReference; name = "liberica_coffee_beans_square.png"; path = "../src/assets/coffee_assets/liberica_coffee_beans/liberica_coffee_beans_square.png"; sourceTree = "<group>"; fileEncoding = undefined; lastKnownFileType = unknown; explicitFileType = undefined; includeInIndex = 0; };
		18C7A0483D35453B9D1F6A40 /* macchiato_pic_1_portrait.png */ = {isa = PBXFileReference; name = "macchiato_pic_1_portrait.png"; path = "../src/assets/coffee_assets/macchiato/portrait/macchiato_pic_1_portrait.png"; sourceTree = "<group>"; fileEncoding = undefined; lastKnownFileType = unknown; explicitFileType = undefined; includeInIndex = 0; };
		683CD7D267F742B8ABA74BDF /* macchiato_pic_2_portrait.png */ = {isa = PBXFileReference; name = "macchiato_pic_2_portrait.png"; path = "../src/assets/coffee_assets/macchiato/portrait/macchiato_pic_2_portrait.png"; sourceTree = "<group>"; fileEncoding = undefined; lastKnownFileType = unknown; explicitFileType = undefined; includeInIndex = 0; };
		2E55218894F54FAD9E2E5829 /* macchiato_pic_3_portrait.png */ = {isa = PBXFileReference; name = "macchiato_pic_3_portrait.png"; path = "../src/assets/coffee_assets/macchiato/portrait/macchiato_pic_3_portrait.png"; sourceTree = "<group>"; fileEncoding = undefined; lastKnownFileType = unknown; explicitFileType = undefined; includeInIndex = 0; };
		48F6D8E2889243D484660DE1 /* macchiato_pic_1_square.png */ = {isa = PBXFileReference; name = "macchiato_pic_1_square.png"; path = "../src/assets/coffee_assets/macchiato/square/macchiato_pic_1_square.png"; sourceTree = "<group>"; fileEncoding = undefined; lastKnownFileType = unknown; explicitFileType = undefined; includeInIndex = 0; };
		44B71602733A4223828464B5 /* macchiato_pic_2_square.png */ = {isa = PBXFileReference; name = "macchiato_pic_2_square.png"; path = "../src/assets/coffee_assets/macchiato/square/macchiato_pic_2_square.png"; sourceTree = "<group>"; fileEncoding = undefined; lastKnownFileType = unknown; explicitFileType = undefined; includeInIndex = 0; };
		3C11D08E77CD47398C855ED9 /* macchiato_pic_3_square.png */ = {isa = PBXFileReference; name = "macchiato_pic_3_square.png"; path = "../src/assets/coffee_assets/macchiato/square/macchiato_pic_3_square.png"; sourceTree = "<group>"; fileEncoding = undefined; lastKnownFileType = unknown; explicitFileType = undefined; includeInIndex = 0; };
		FAA9F8DB1FF94F17B2C79D54 /* robusta_coffee_beans_portrait.png */ = {isa = PBXFileReference; name = "robusta_coffee_beans_portrait.png"; path = "../src/assets/coffee_assets/robusta_coffee_beans/robusta_coffee_beans_portrait.png"; sourceTree = "<group>"; fileEncoding = undefined; lastKnownFileType = unknown; explicitFileType = undefined; includeInIndex = 0; };
		7C78593A55C148EAB7E79353 /* robusta_coffee_beans_square.png */ = {isa = PBXFileReference; name = "robusta_coffee_beans_square.png"; path = "../src/assets/coffee_assets/robusta_coffee_beans/robusta_coffee_beans_square.png"; sourceTree = "<group>"; fileEncoding = undefined; lastKnownFileType = unknown; explicitFileType = undefined; includeInIndex = 0; };
/* End PBXFileReference section */

/* Begin PBXFrameworksBuildPhase section */
		00E356EB1AD99517003FC87E /* Frameworks */ = {
			isa = PBXFrameworksBuildPhase;
			buildActionMask = 2147483647;
			files = (
				7699B88040F8A987B510C191 /* libPods-coffee_shop-coffee_shopTests.a in Frameworks */,
			);
			runOnlyForDeploymentPostprocessing = 0;
		};
		13B07F8C1A680F5B00A75B9A /* Frameworks */ = {
			isa = PBXFrameworksBuildPhase;
			buildActionMask = 2147483647;
			files = (
				0C80B921A6F3F58F76C31292 /* libPods-coffee_shop.a in Frameworks */,
			);
			runOnlyForDeploymentPostprocessing = 0;
		};
/* End PBXFrameworksBuildPhase section */

/* Begin PBXGroup section */
		00E356EF1AD99517003FC87E /* coffee_shopTests */ = {
			isa = PBXGroup;
			children = (
				00E356F21AD99517003FC87E /* coffee_shopTests.m */,
				00E356F01AD99517003FC87E /* Supporting Files */,
			);
			path = coffee_shopTests;
			sourceTree = "<group>";
		};
		00E356F01AD99517003FC87E /* Supporting Files */ = {
			isa = PBXGroup;
			children = (
				00E356F11AD99517003FC87E /* Info.plist */,
			);
			name = "Supporting Files";
			sourceTree = "<group>";
		};
		13B07FAE1A68108700A75B9A /* coffee_shop */ = {
			isa = PBXGroup;
			children = (
				13B07FAF1A68108700A75B9A /* AppDelegate.h */,
				13B07FB01A68108700A75B9A /* AppDelegate.mm */,
				13B07FB51A68108700A75B9A /* Images.xcassets */,
				13B07FB61A68108700A75B9A /* Info.plist */,
				81AB9BB72411601600AC10FF /* LaunchScreen.storyboard */,
				13B07FB71A68108700A75B9A /* main.m */,
				13B07FB81A68108700A75B9A /* PrivacyInfo.xcprivacy */,
			);
			name = coffee_shop;
			sourceTree = "<group>";
		};
		2D16E6871FA4F8E400B85C8A /* Frameworks */ = {
			isa = PBXGroup;
			children = (
				ED297162215061F000B7C4FE /* JavaScriptCore.framework */,
				5DCACB8F33CDC322A6C60F78 /* libPods-coffee_shop.a */,
				19F6CBCC0A4E27FBF8BF4A61 /* libPods-coffee_shop-coffee_shopTests.a */,
			);
			name = Frameworks;
			sourceTree = "<group>";
		};
		832341AE1AAA6A7D00B99B32 /* Libraries */ = {
			isa = PBXGroup;
			children = (
			);
			name = Libraries;
			sourceTree = "<group>";
		};
		83CBB9F61A601CBA00E9B192 = {
			isa = PBXGroup;
			children = (
				13B07FAE1A68108700A75B9A /* coffee_shop */,
				832341AE1AAA6A7D00B99B32 /* Libraries */,
				00E356EF1AD99517003FC87E /* coffee_shopTests */,
				83CBBA001A601CBA00E9B192 /* Products */,
				2D16E6871FA4F8E400B85C8A /* Frameworks */,
				BBD78D7AC51CEA395F1C20DB /* Pods */,
				A13A99E891154D4CA3C2B672 /* Resources */,
			);
			indentWidth = 2;
			sourceTree = "<group>";
			tabWidth = 2;
			usesTabs = 0;
		};
		83CBBA001A601CBA00E9B192 /* Products */ = {
			isa = PBXGroup;
			children = (
				13B07F961A680F5B00A75B9A /* coffee_shop.app */,
				00E356EE1AD99517003FC87E /* coffee_shopTests.xctest */,
			);
			name = Products;
			sourceTree = "<group>";
		};
		BBD78D7AC51CEA395F1C20DB /* Pods */ = {
			isa = PBXGroup;
			children = (
				3B4392A12AC88292D35C810B /* Pods-coffee_shop.debug.xcconfig */,
				5709B34CF0A7D63546082F79 /* Pods-coffee_shop.release.xcconfig */,
				5B7EB9410499542E8C5724F5 /* Pods-coffee_shop-coffee_shopTests.debug.xcconfig */,
				89C6BE57DB24E9ADA2F236DE /* Pods-coffee_shop-coffee_shopTests.release.xcconfig */,
			);
			path = Pods;
			sourceTree = "<group>";
		};
		A13A99E891154D4CA3C2B672 /* Resources */ = {
			isa = "PBXGroup";
			children = (
				487FAFCD3D644A58A39F291A /* Poppins-Black.ttf */,
				037AF6315832443BB802EA82 /* Poppins-Bold.ttf */,
				4F5AB2097EC54E2385353508 /* Poppins-ExtraBold.ttf */,
				F68BF6909291442AB55D7DC1 /* Poppins-ExtraLight.ttf */,
				99A60A0AD8994B6FA9DD2DB5 /* Poppins-Light.ttf */,
				61DC53E98A064A51BF7DD08F /* Poppins-Medium.ttf */,
				7C5F4075A55049DB8D81A3CA /* Poppins-Regular.ttf */,
				BECF0D227D9346ADA3E4D3D3 /* Poppins-SemiBold.ttf */,
				95C27652A9504C7BA6C9F2C3 /* Poppins-Thin.ttf */,
				12E0C661C9204EEAB5C416DC /* app_icons.ttf */,
				C96E4EB58D35483CAD534369 /* amazonpay.png */,
				74EBF6FD599848FBB31F4D78 /* applepay.png */,
				4A1953B9A9C44EB884CC3ACC /* avatar.png */,
				EF7A0CFAB08747AEBE48A3B5 /* gpay.png */,
				D43823EDF72747309996B05C /* americano_pic_1_portrait.png */,
				E50BFF535AE4418C902BCC89 /* americano_pic_2_portrait.png */,
				41962D5530B84FA0BC172CFA /* americano_pic_3_portrait.png */,
				25162D75280F4C2CAFE92D43 /* americano_pic_1_square.png */,
				7DCDBC66FE114566A1ECA560 /* americano_pic_2_square.png */,
				51427067753F45A7A934DDE7 /* americano_pic_3_square.png */,
				96A1FB7FAEB2457EAEBC2074 /* arabica_coffee_beans_portrait.png */,
				E93A362527DC406290F78CDA /* arabica_coffee_beans_square.png */,
				62C016BE02E444D48314DA0C /* black_coffee_pic_1_portrait.png */,
				7AEE6878C0434FEBBEB45F6C /* black_coffee_pic_2_portrait.png */,
				F61F158C92834779B3424DF1 /* black_coffee_pic_3_portrait.png */,
				1E074DCA67D24D8B9E410F3A /* black_coffee_pic_1_square.png */,
				017F1EAF45734CD7BFAB6EFA /* black_coffee_pic_2_square.png */,
				2CCBB7B2159C4A37892F9436 /* black_coffee_pic_3_square.png */,
				32762D70653247F4BFDF689D /* cappuccino_pic_1_portrait.png */,
				D1D1945771F541B4AC8374A5 /* cappuccino_pic_2_portrait.png */,
				70779A54774D47948CCC21B0 /* cappuccino_pic_3_portrait.png */,
				EDC03A8B82AF43EFB2DE43CA /* cappuccino_pic_1_square.png */,
				326FE7EE579F480FA3F94B6C /* cappuccino_pic_2_square.png */,
				41E6239ED027439596F9CCF0 /* cappuccino_pic_3_square.png */,
				F03D283B564C4F07B9F1D370 /* espresso_pic_1_portrait.png */,
				FD43F6313D294906828424A3 /* espresso_pic_2_portrait.png */,
				80EA893B38DC444BB888A8A4 /* espresso_pic_3_portrait.png */,
				ADA10D5A97184B8589ABD769 /* espresso_pic_1_square.png */,
				8F4036A388C9400696880779 /* espresso_pic_2_square.png */,
				9F35BD9263784A3088666371 /* espresso_pic_3_square.png */,
				B8EB8BACE9774D75BF89019C /* excelsa_coffee_beans_portrait.png */,
				3F41C83D48344EAA8A9709A6 /* excelsa_coffee_beans_square.png */,
				E4050CC7F45B4D8288618A90 /* latte_pic_1_portrait.png */,
				D8A2606FCAFE44B094C1192E /* latte_pic_2_portrait.png */,
				131377762E0E4E62B11F7104 /* latte_pic_3_portrait.png */,
				BB6578BDA40943729FF582B4 /* latte_pic_1_square.png */,
				6BD0D9FE370A4CC3B3D74A76 /* latte_pic_2_square.png */,
				9B3B1296A419447C91D4FD9A /* latte_pic_3_square.png */,
				AA379A56BBCA42F4A3E67B74 /* liberica_coffee_beans_portrait.png */,
				817E08483A4748B6B2326E02 /* liberica_coffee_beans_square.png */,
				18C7A0483D35453B9D1F6A40 /* macchiato_pic_1_portrait.png */,
				683CD7D267F742B8ABA74BDF /* macchiato_pic_2_portrait.png */,
				2E55218894F54FAD9E2E5829 /* macchiato_pic_3_portrait.png */,
				48F6D8E2889243D484660DE1 /* macchiato_pic_1_square.png */,
				44B71602733A4223828464B5 /* macchiato_pic_2_square.png */,
				3C11D08E77CD47398C855ED9 /* macchiato_pic_3_square.png */,
				FAA9F8DB1FF94F17B2C79D54 /* robusta_coffee_beans_portrait.png */,
				7C78593A55C148EAB7E79353 /* robusta_coffee_beans_square.png */,
			);
			name = Resources;
			sourceTree = "<group>";
			path = "";
		};
/* End PBXGroup section */

/* Begin PBXNativeTarget section */
		00E356ED1AD99517003FC87E /* coffee_shopTests */ = {
			isa = PBXNativeTarget;
			buildConfigurationList = 00E357021AD99517003FC87E /* Build configuration list for PBXNativeTarget "coffee_shopTests" */;
			buildPhases = (
				A55EABD7B0C7F3A422A6CC61 /* [CP] Check Pods Manifest.lock */,
				00E356EA1AD99517003FC87E /* Sources */,
				00E356EB1AD99517003FC87E /* Frameworks */,
				00E356EC1AD99517003FC87E /* Resources */,
				C59DA0FBD6956966B86A3779 /* [CP] Embed Pods Frameworks */,
				F6A41C54EA430FDDC6A6ED99 /* [CP] Copy Pods Resources */,
			);
			buildRules = (
			);
			dependencies = (
				00E356F51AD99517003FC87E /* PBXTargetDependency */,
			);
			name = coffee_shopTests;
			productName = coffee_shopTests;
			productReference = 00E356EE1AD99517003FC87E /* coffee_shopTests.xctest */;
			productType = "com.apple.product-type.bundle.unit-test";
		};
		13B07F861A680F5B00A75B9A /* coffee_shop */ = {
			isa = PBXNativeTarget;
			buildConfigurationList = 13B07F931A680F5B00A75B9A /* Build configuration list for PBXNativeTarget "coffee_shop" */;
			buildPhases = (
				C38B50BA6285516D6DCD4F65 /* [CP] Check Pods Manifest.lock */,
				13B07F871A680F5B00A75B9A /* Sources */,
				13B07F8C1A680F5B00A75B9A /* Frameworks */,
				13B07F8E1A680F5B00A75B9A /* Resources */,
				00DD1BFF1BD5951E006B06BC /* Bundle React Native code and images */,
				00EEFC60759A1932668264C0 /* [CP] Embed Pods Frameworks */,
				E235C05ADACE081382539298 /* [CP] Copy Pods Resources */,
			);
			buildRules = (
			);
			dependencies = (
			);
			name = coffee_shop;
			productName = coffee_shop;
			productReference = 13B07F961A680F5B00A75B9A /* coffee_shop.app */;
			productType = "com.apple.product-type.application";
		};
/* End PBXNativeTarget section */

/* Begin PBXProject section */
		83CBB9F71A601CBA00E9B192 /* Project object */ = {
			isa = PBXProject;
			attributes = {
				LastUpgradeCheck = 1210;
				TargetAttributes = {
					00E356ED1AD99517003FC87E = {
						CreatedOnToolsVersion = 6.2;
						TestTargetID = 13B07F861A680F5B00A75B9A;
					};
					13B07F861A680F5B00A75B9A = {
						LastSwiftMigration = 1120;
					};
				};
			};
			buildConfigurationList = 83CBB9FA1A601CBA00E9B192 /* Build configuration list for PBXProject "coffee_shop" */;
			compatibilityVersion = "Xcode 12.0";
			developmentRegion = en;
			hasScannedForEncodings = 0;
			knownRegions = (
				en,
				Base,
			);
			mainGroup = 83CBB9F61A601CBA00E9B192;
			productRefGroup = 83CBBA001A601CBA00E9B192 /* Products */;
			projectDirPath = "";
			projectRoot = "";
			targets = (
				13B07F861A680F5B00A75B9A /* coffee_shop */,
				00E356ED1AD99517003FC87E /* coffee_shopTests */,
			);
		};
/* End PBXProject section */

/* Begin PBXResourcesBuildPhase section */
		00E356EC1AD99517003FC87E /* Resources */ = {
			isa = PBXResourcesBuildPhase;
			buildActionMask = 2147483647;
			files = (
			);
			runOnlyForDeploymentPostprocessing = 0;
		};
		13B07F8E1A680F5B00A75B9A /* Resources */ = {
			isa = PBXResourcesBuildPhase;
			buildActionMask = 2147483647;
			files = (
				81AB9BB82411601600AC10FF /* LaunchScreen.storyboard in Resources */,
				13B07FBF1A68108700A75B9A /* Images.xcassets in Resources */,
				91DAB85B98AB48DAB118CC91 /* Poppins-Black.ttf in Resources */,
				B30519CD780E4BB0854731D2 /* Poppins-Bold.ttf in Resources */,
				9F423BA0A63C4E6CAC2A25FA /* Poppins-ExtraBold.ttf in Resources */,
				A6633515C2B94F7FBB7E3B39 /* Poppins-ExtraLight.ttf in Resources */,
				81A298EEC38D4BB190CB4460 /* Poppins-Light.ttf in Resources */,
				98E1C778F85A4A448D3F4C75 /* Poppins-Medium.ttf in Resources */,
				044D9FEE33DC4A21BE5D4B88 /* Poppins-Regular.ttf in Resources */,
				B2C4AA9ADCF64172BAC1497F /* Poppins-SemiBold.ttf in Resources */,
				9D64D651461145E19F84FB2C /* Poppins-Thin.ttf in Resources */,
				D228B14182ED49A2BBF5E4F1 /* app_icons.ttf in Resources */,
				FCCE476199FA4CD999D7219F /* amazonpay.png in Resources */,
				B13F3BFE16A94828A36A3048 /* applepay.png in Resources */,
				0E2C0DA4B68140608D744E07 /* avatar.png in Resources */,
				DE2640CC243C48D2B35E94F3 /* gpay.png in Resources */,
				9F92C64C0F3F4012B02FE4DD /* americano_pic_1_portrait.png in Resources */,
				3231AD88C7ED42D3942CD753 /* americano_pic_2_portrait.png in Resources */,
				1CD721E10F8E4A958C7C57A1 /* americano_pic_3_portrait.png in Resources */,
				E7951B7A123944F3B2BC6F80 /* americano_pic_1_square.png in Resources */,
				AA4E2217D1244789AA357237 /* americano_pic_2_square.png in Resources */,
				AAD5F3EA44E74559BE27D136 /* americano_pic_3_square.png in Resources */,
				B5163043B3994E509F981B1E /* arabica_coffee_beans_portrait.png in Resources */,
				F68DDEF0C43A4F25AA4B74DF /* arabica_coffee_beans_square.png in Resources */,
				AAF8DB837FEE44FAB7605290 /* black_coffee_pic_1_portrait.png in Resources */,
				7AA89C7229CB4F59830762EE /* black_coffee_pic_2_portrait.png in Resources */,
				1E29C1466BBA443BAB28E845 /* black_coffee_pic_3_portrait.png in Resources */,
				03E778DBAB634A1EB50F620A /* black_coffee_pic_1_square.png in Resources */,
				67645C79DD8246C3BFD8AE37 /* black_coffee_pic_2_square.png in Resources */,
				1B5EF81BACC74F7D82D363FF /* black_coffee_pic_3_square.png in Resources */,
				21C815FB6E5E4011A9130562 /* cappuccino_pic_1_portrait.png in Resources */,
				F9CCADF5A35946698F99F664 /* cappuccino_pic_2_portrait.png in Resources */,
				21ED04D901FB454180C20C84 /* cappuccino_pic_3_portrait.png in Resources */,
				4483BD0861EC4790B1174432 /* cappuccino_pic_1_square.png in Resources */,
				A66B931F5394427EABF6AF72 /* cappuccino_pic_2_square.png in Resources */,
				8C6DBA23BAFC497F80BBD341 /* cappuccino_pic_3_square.png in Resources */,
				991088427F0346BDB9D3DDE8 /* espresso_pic_1_portrait.png in Resources */,
				132E95ACA9B34A4EBF40E2D7 /* espresso_pic_2_portrait.png in Resources */,
				68E9FA60EB8E4FD5A8C5D1E8 /* espresso_pic_3_portrait.png in Resources */,
				91696D0753024F4382DE10E3 /* espresso_pic_1_square.png in Resources */,
				C80B65E06A154C629576022C /* espresso_pic_2_square.png in Resources */,
				D65F7FEA9F8845B48DD5A950 /* espresso_pic_3_square.png in Resources */,
				D6157A93CCD2467599BABB8B /* excelsa_coffee_beans_portrait.png in Resources */,
				2FB3CD69972E4EBA8DF797CB /* excelsa_coffee_beans_square.png in Resources */,
				764425B475C84A899EECA3A1 /* latte_pic_1_portrait.png in Resources */,
				C6524C89658A4FED8CB53791 /* latte_pic_2_portrait.png in Resources */,
				7FECCE755F9A447A89E10C8B /* latte_pic_3_portrait.png in Resources */,
				EDA42459F856490DB3B1E6EA /* latte_pic_1_square.png in Resources */,
				00CD56DB190840F88047E1EB /* latte_pic_2_square.png in Resources */,
				E7546FBE50B147EB9765A2FE /* latte_pic_3_square.png in Resources */,
				DD771AB0E74E40A1A1434C5D /* liberica_coffee_beans_portrait.png in Resources */,
				36E62E2950C941B9B257CDF6 /* liberica_coffee_beans_square.png in Resources */,
				B8A0FF3C893A42BA877C9EE1 /* macchiato_pic_1_portrait.png in Resources */,
				207007BF32984FE9BAB85399 /* macchiato_pic_2_portrait.png in Resources */,
				22944C5EC4BE45E39ED82B44 /* macchiato_pic_3_portrait.png in Resources */,
				ECBF2A840F6B4752BA90CDB4 /* macchiato_pic_1_square.png in Resources */,
				243D1266CA654FA8BE1A9514 /* macchiato_pic_2_square.png in Resources */,
				92D9EB31BED74E12B3AF7491 /* macchiato_pic_3_square.png in Resources */,
				C57A3C0D6E2547DFA9793C4E /* robusta_coffee_beans_portrait.png in Resources */,
				79C35BB0E27242FA977B62D5 /* robusta_coffee_beans_square.png in Resources */,
			);
			runOnlyForDeploymentPostprocessing = 0;
		};
/* End PBXResourcesBuildPhase section */

/* Begin PBXShellScriptBuildPhase section */
		00DD1BFF1BD5951E006B06BC /* Bundle React Native code and images */ = {
			isa = PBXShellScriptBuildPhase;
			buildActionMask = 2147483647;
			files = (
			);
			inputPaths = (
				"$(SRCROOT)/.xcode.env.local",
				"$(SRCROOT)/.xcode.env",
			);
			name = "Bundle React Native code and images";
			outputPaths = (
			);
			runOnlyForDeploymentPostprocessing = 0;
			shellPath = /bin/sh;
			shellScript = "set -e\n\nWITH_ENVIRONMENT=\"$REACT_NATIVE_PATH/scripts/xcode/with-environment.sh\"\nREACT_NATIVE_XCODE=\"$REACT_NATIVE_PATH/scripts/react-native-xcode.sh\"\n\n/bin/sh -c \"$WITH_ENVIRONMENT $REACT_NATIVE_XCODE\"\n";
		};
		00EEFC60759A1932668264C0 /* [CP] Embed Pods Frameworks */ = {
			isa = PBXShellScriptBuildPhase;
			buildActionMask = 2147483647;
			files = (
			);
			inputFileListPaths = (
				"${PODS_ROOT}/Target Support Files/Pods-coffee_shop/Pods-coffee_shop-frameworks-${CONFIGURATION}-input-files.xcfilelist",
			);
			name = "[CP] Embed Pods Frameworks";
			outputFileListPaths = (
				"${PODS_ROOT}/Target Support Files/Pods-coffee_shop/Pods-coffee_shop-frameworks-${CONFIGURATION}-output-files.xcfilelist",
			);
			runOnlyForDeploymentPostprocessing = 0;
			shellPath = /bin/sh;
			shellScript = "\"${PODS_ROOT}/Target Support Files/Pods-coffee_shop/Pods-coffee_shop-frameworks.sh\"\n";
			showEnvVarsInLog = 0;
		};
		A55EABD7B0C7F3A422A6CC61 /* [CP] Check Pods Manifest.lock */ = {
			isa = PBXShellScriptBuildPhase;
			buildActionMask = 2147483647;
			files = (
			);
			inputFileListPaths = (
			);
			inputPaths = (
				"${PODS_PODFILE_DIR_PATH}/Podfile.lock",
				"${PODS_ROOT}/Manifest.lock",
			);
			name = "[CP] Check Pods Manifest.lock";
			outputFileListPaths = (
			);
			outputPaths = (
				"$(DERIVED_FILE_DIR)/Pods-coffee_shop-coffee_shopTests-checkManifestLockResult.txt",
			);
			runOnlyForDeploymentPostprocessing = 0;
			shellPath = /bin/sh;
			shellScript = "diff \"${PODS_PODFILE_DIR_PATH}/Podfile.lock\" \"${PODS_ROOT}/Manifest.lock\" > /dev/null\nif [ $? != 0 ] ; then\n    # print error to STDERR\n    echo \"error: The sandbox is not in sync with the Podfile.lock. Run 'pod install' or update your CocoaPods installation.\" >&2\n    exit 1\nfi\n# This output is used by Xcode 'outputs' to avoid re-running this script phase.\necho \"SUCCESS\" > \"${SCRIPT_OUTPUT_FILE_0}\"\n";
			showEnvVarsInLog = 0;
		};
		C38B50BA6285516D6DCD4F65 /* [CP] Check Pods Manifest.lock */ = {
			isa = PBXShellScriptBuildPhase;
			buildActionMask = 2147483647;
			files = (
			);
			inputFileListPaths = (
			);
			inputPaths = (
				"${PODS_PODFILE_DIR_PATH}/Podfile.lock",
				"${PODS_ROOT}/Manifest.lock",
			);
			name = "[CP] Check Pods Manifest.lock";
			outputFileListPaths = (
			);
			outputPaths = (
				"$(DERIVED_FILE_DIR)/Pods-coffee_shop-checkManifestLockResult.txt",
			);
			runOnlyForDeploymentPostprocessing = 0;
			shellPath = /bin/sh;
			shellScript = "diff \"${PODS_PODFILE_DIR_PATH}/Podfile.lock\" \"${PODS_ROOT}/Manifest.lock\" > /dev/null\nif [ $? != 0 ] ; then\n    # print error to STDERR\n    echo \"error: The sandbox is not in sync with the Podfile.lock. Run 'pod install' or update your CocoaPods installation.\" >&2\n    exit 1\nfi\n# This output is used by Xcode 'outputs' to avoid re-running this script phase.\necho \"SUCCESS\" > \"${SCRIPT_OUTPUT_FILE_0}\"\n";
			showEnvVarsInLog = 0;
		};
		C59DA0FBD6956966B86A3779 /* [CP] Embed Pods Frameworks */ = {
			isa = PBXShellScriptBuildPhase;
			buildActionMask = 2147483647;
			files = (
			);
			inputFileListPaths = (
				"${PODS_ROOT}/Target Support Files/Pods-coffee_shop-coffee_shopTests/Pods-coffee_shop-coffee_shopTests-frameworks-${CONFIGURATION}-input-files.xcfilelist",
			);
			name = "[CP] Embed Pods Frameworks";
			outputFileListPaths = (
				"${PODS_ROOT}/Target Support Files/Pods-coffee_shop-coffee_shopTests/Pods-coffee_shop-coffee_shopTests-frameworks-${CONFIGURATION}-output-files.xcfilelist",
			);
			runOnlyForDeploymentPostprocessing = 0;
			shellPath = /bin/sh;
			shellScript = "\"${PODS_ROOT}/Target Support Files/Pods-coffee_shop-coffee_shopTests/Pods-coffee_shop-coffee_shopTests-frameworks.sh\"\n";
			showEnvVarsInLog = 0;
		};
		E235C05ADACE081382539298 /* [CP] Copy Pods Resources */ = {
			isa = PBXShellScriptBuildPhase;
			buildActionMask = 2147483647;
			files = (
			);
			inputFileListPaths = (
				"${PODS_ROOT}/Target Support Files/Pods-coffee_shop/Pods-coffee_shop-resources-${CONFIGURATION}-input-files.xcfilelist",
			);
			name = "[CP] Copy Pods Resources";
			outputFileListPaths = (
				"${PODS_ROOT}/Target Support Files/Pods-coffee_shop/Pods-coffee_shop-resources-${CONFIGURATION}-output-files.xcfilelist",
			);
			runOnlyForDeploymentPostprocessing = 0;
			shellPath = /bin/sh;
			shellScript = "\"${PODS_ROOT}/Target Support Files/Pods-coffee_shop/Pods-coffee_shop-resources.sh\"\n";
			showEnvVarsInLog = 0;
		};
		F6A41C54EA430FDDC6A6ED99 /* [CP] Copy Pods Resources */ = {
			isa = PBXShellScriptBuildPhase;
			buildActionMask = 2147483647;
			files = (
			);
			inputFileListPaths = (
				"${PODS_ROOT}/Target Support Files/Pods-coffee_shop-coffee_shopTests/Pods-coffee_shop-coffee_shopTests-resources-${CONFIGURATION}-input-files.xcfilelist",
			);
			name = "[CP] Copy Pods Resources";
			outputFileListPaths = (
				"${PODS_ROOT}/Target Support Files/Pods-coffee_shop-coffee_shopTests/Pods-coffee_shop-coffee_shopTests-resources-${CONFIGURATION}-output-files.xcfilelist",
			);
			runOnlyForDeploymentPostprocessing = 0;
			shellPath = /bin/sh;
			shellScript = "\"${PODS_ROOT}/Target Support Files/Pods-coffee_shop-coffee_shopTests/Pods-coffee_shop-coffee_shopTests-resources.sh\"\n";
			showEnvVarsInLog = 0;
		};
/* End PBXShellScriptBuildPhase section */

/* Begin PBXSourcesBuildPhase section */
		00E356EA1AD99517003FC87E /* Sources */ = {
			isa = PBXSourcesBuildPhase;
			buildActionMask = 2147483647;
			files = (
				00E356F31AD99517003FC87E /* coffee_shopTests.m in Sources */,
			);
			runOnlyForDeploymentPostprocessing = 0;
		};
		13B07F871A680F5B00A75B9A /* Sources */ = {
			isa = PBXSourcesBuildPhase;
			buildActionMask = 2147483647;
			files = (
				13B07FBC1A68108700A75B9A /* AppDelegate.mm in Sources */,
				13B07FC11A68108700A75B9A /* main.m in Sources */,
			);
			runOnlyForDeploymentPostprocessing = 0;
		};
/* End PBXSourcesBuildPhase section */

/* Begin PBXTargetDependency section */
		00E356F51AD99517003FC87E /* PBXTargetDependency */ = {
			isa = PBXTargetDependency;
			target = 13B07F861A680F5B00A75B9A /* coffee_shop */;
			targetProxy = 00E356F41AD99517003FC87E /* PBXContainerItemProxy */;
		};
/* End PBXTargetDependency section */

/* Begin XCBuildConfiguration section */
		00E356F61AD99517003FC87E /* Debug */ = {
			isa = XCBuildConfiguration;
			baseConfigurationReference = 5B7EB9410499542E8C5724F5 /* Pods-coffee_shop-coffee_shopTests.debug.xcconfig */;
			buildSettings = {
				BUNDLE_LOADER = "$(TEST_HOST)";
				GCC_PREPROCESSOR_DEFINITIONS = (
					"DEBUG=1",
					"$(inherited)",
				);
				INFOPLIST_FILE = coffee_shopTests/Info.plist;
				IPHONEOS_DEPLOYMENT_TARGET = 13.4;
				LD_RUNPATH_SEARCH_PATHS = (
					"$(inherited)",
					"@executable_path/Frameworks",
					"@loader_path/Frameworks",
				);
				OTHER_LDFLAGS = (
					"-ObjC",
					"-lc++",
					"$(inherited)",
				);
				PRODUCT_BUNDLE_IDENTIFIER = "org.reactjs.native.example.$(PRODUCT_NAME:rfc1034identifier)";
				PRODUCT_NAME = "$(TARGET_NAME)";
				TEST_HOST = "$(BUILT_PRODUCTS_DIR)/coffee_shop.app/coffee_shop";
			};
			name = Debug;
		};
		00E356F71AD99517003FC87E /* Release */ = {
			isa = XCBuildConfiguration;
			baseConfigurationReference = 89C6BE57DB24E9ADA2F236DE /* Pods-coffee_shop-coffee_shopTests.release.xcconfig */;
			buildSettings = {
				BUNDLE_LOADER = "$(TEST_HOST)";
				COPY_PHASE_STRIP = NO;
				INFOPLIST_FILE = coffee_shopTests/Info.plist;
				IPHONEOS_DEPLOYMENT_TARGET = 13.4;
				LD_RUNPATH_SEARCH_PATHS = (
					"$(inherited)",
					"@executable_path/Frameworks",
					"@loader_path/Frameworks",
				);
				OTHER_LDFLAGS = (
					"-ObjC",
					"-lc++",
					"$(inherited)",
				);
				PRODUCT_BUNDLE_IDENTIFIER = "org.reactjs.native.example.$(PRODUCT_NAME:rfc1034identifier)";
				PRODUCT_NAME = "$(TARGET_NAME)";
				TEST_HOST = "$(BUILT_PRODUCTS_DIR)/coffee_shop.app/coffee_shop";
			};
			name = Release;
		};
		13B07F941A680F5B00A75B9A /* Debug */ = {
			isa = XCBuildConfiguration;
			baseConfigurationReference = 3B4392A12AC88292D35C810B /* Pods-coffee_shop.debug.xcconfig */;
			buildSettings = {
				ASSETCATALOG_COMPILER_APPICON_NAME = AppIcon;
				CLANG_ENABLE_MODULES = YES;
				CURRENT_PROJECT_VERSION = 1;
				ENABLE_BITCODE = NO;
				INFOPLIST_FILE = coffee_shop/Info.plist;
				LD_RUNPATH_SEARCH_PATHS = (
					"$(inherited)",
					"@executable_path/Frameworks",
				);
				MARKETING_VERSION = 1.0;
				OTHER_LDFLAGS = (
					"$(inherited)",
					"-ObjC",
					"-lc++",
				);
				PRODUCT_BUNDLE_IDENTIFIER = "org.reactjs.native.example.$(PRODUCT_NAME:rfc1034identifier)";
				PRODUCT_NAME = coffee_shop;
				SWIFT_OPTIMIZATION_LEVEL = "-Onone";
				SWIFT_VERSION = 5.0;
				VERSIONING_SYSTEM = "apple-generic";
			};
			name = Debug;
		};
		13B07F951A680F5B00A75B9A /* Release */ = {
			isa = XCBuildConfiguration;
			baseConfigurationReference = 5709B34CF0A7D63546082F79 /* Pods-coffee_shop.release.xcconfig */;
			buildSettings = {
				ASSETCATALOG_COMPILER_APPICON_NAME = AppIcon;
				CLANG_ENABLE_MODULES = YES;
				CURRENT_PROJECT_VERSION = 1;
				INFOPLIST_FILE = coffee_shop/Info.plist;
				LD_RUNPATH_SEARCH_PATHS = (
					"$(inherited)",
					"@executable_path/Frameworks",
				);
				MARKETING_VERSION = 1.0;
				OTHER_LDFLAGS = (
					"$(inherited)",
					"-ObjC",
					"-lc++",
				);
				PRODUCT_BUNDLE_IDENTIFIER = "org.reactjs.native.example.$(PRODUCT_NAME:rfc1034identifier)";
				PRODUCT_NAME = coffee_shop;
				SWIFT_VERSION = 5.0;
				VERSIONING_SYSTEM = "apple-generic";
			};
			name = Release;
		};
		83CBBA201A601CBA00E9B192 /* Debug */ = {
			isa = XCBuildConfiguration;
			buildSettings = {
				ALWAYS_SEARCH_USER_PATHS = NO;
				CLANG_ANALYZER_LOCALIZABILITY_NONLOCALIZED = YES;
				CLANG_CXX_LANGUAGE_STANDARD = "c++20";
				CLANG_CXX_LIBRARY = "libc++";
				CLANG_ENABLE_MODULES = YES;
				CLANG_ENABLE_OBJC_ARC = YES;
				CLANG_WARN_BLOCK_CAPTURE_AUTORELEASING = YES;
				CLANG_WARN_BOOL_CONVERSION = YES;
				CLANG_WARN_COMMA = YES;
				CLANG_WARN_CONSTANT_CONVERSION = YES;
				CLANG_WARN_DEPRECATED_OBJC_IMPLEMENTATIONS = YES;
				CLANG_WARN_DIRECT_OBJC_ISA_USAGE = YES_ERROR;
				CLANG_WARN_EMPTY_BODY = YES;
				CLANG_WARN_ENUM_CONVERSION = YES;
				CLANG_WARN_INFINITE_RECURSION = YES;
				CLANG_WARN_INT_CONVERSION = YES;
				CLANG_WARN_NON_LITERAL_NULL_CONVERSION = YES;
				CLANG_WARN_OBJC_IMPLICIT_RETAIN_SELF = YES;
				CLANG_WARN_OBJC_LITERAL_CONVERSION = YES;
				CLANG_WARN_OBJC_ROOT_CLASS = YES_ERROR;
				CLANG_WARN_QUOTED_INCLUDE_IN_FRAMEWORK_HEADER = YES;
				CLANG_WARN_RANGE_LOOP_ANALYSIS = YES;
				CLANG_WARN_STRICT_PROTOTYPES = YES;
				CLANG_WARN_SUSPICIOUS_MOVE = YES;
				CLANG_WARN_UNREACHABLE_CODE = YES;
				CLANG_WARN__DUPLICATE_METHOD_MATCH = YES;
				"CODE_SIGN_IDENTITY[sdk=iphoneos*]" = "iPhone Developer";
				COPY_PHASE_STRIP = NO;
				ENABLE_STRICT_OBJC_MSGSEND = YES;
				ENABLE_TESTABILITY = YES;
				"EXCLUDED_ARCHS[sdk=iphonesimulator*]" = "";
				GCC_C_LANGUAGE_STANDARD = gnu99;
				GCC_DYNAMIC_NO_PIC = NO;
				GCC_NO_COMMON_BLOCKS = YES;
				GCC_OPTIMIZATION_LEVEL = 0;
				GCC_PREPROCESSOR_DEFINITIONS = (
					"DEBUG=1",
					"$(inherited)",
				);
				GCC_SYMBOLS_PRIVATE_EXTERN = NO;
				GCC_WARN_64_TO_32_BIT_CONVERSION = YES;
				GCC_WARN_ABOUT_RETURN_TYPE = YES_ERROR;
				GCC_WARN_UNDECLARED_SELECTOR = YES;
				GCC_WARN_UNINITIALIZED_AUTOS = YES_AGGRESSIVE;
				GCC_WARN_UNUSED_FUNCTION = YES;
				GCC_WARN_UNUSED_VARIABLE = YES;
				IPHONEOS_DEPLOYMENT_TARGET = 13.4;
				LD_RUNPATH_SEARCH_PATHS = (
					/usr/lib/swift,
					"$(inherited)",
				);
				LIBRARY_SEARCH_PATHS = (
					"\"$(SDKROOT)/usr/lib/swift\"",
					"\"$(TOOLCHAIN_DIR)/usr/lib/swift/$(PLATFORM_NAME)\"",
					"\"$(inherited)\"",
				);
				MTL_ENABLE_DEBUG_INFO = YES;
				ONLY_ACTIVE_ARCH = YES;
				OTHER_CPLUSPLUSFLAGS = (
					"$(OTHER_CFLAGS)",
					"-DFOLLY_NO_CONFIG",
					"-DFOLLY_MOBILE=1",
					"-DFOLLY_USE_LIBCPP=1",
					"-DFOLLY_CFG_NO_COROUTINES=1",
					"-DFOLLY_HAVE_CLOCK_GETTIME=1",
				);
				SDKROOT = iphoneos;
			};
			name = Debug;
		};
		83CBBA211A601CBA00E9B192 /* Release */ = {
			isa = XCBuildConfiguration;
			buildSettings = {
				ALWAYS_SEARCH_USER_PATHS = NO;
				CLANG_ANALYZER_LOCALIZABILITY_NONLOCALIZED = YES;
				CLANG_CXX_LANGUAGE_STANDARD = "c++20";
				CLANG_CXX_LIBRARY = "libc++";
				CLANG_ENABLE_MODULES = YES;
				CLANG_ENABLE_OBJC_ARC = YES;
				CLANG_WARN_BLOCK_CAPTURE_AUTORELEASING = YES;
				CLANG_WARN_BOOL_CONVERSION = YES;
				CLANG_WARN_COMMA = YES;
				CLANG_WARN_CONSTANT_CONVERSION = YES;
				CLANG_WARN_DEPRECATED_OBJC_IMPLEMENTATIONS = YES;
				CLANG_WARN_DIRECT_OBJC_ISA_USAGE = YES_ERROR;
				CLANG_WARN_EMPTY_BODY = YES;
				CLANG_WARN_ENUM_CONVERSION = YES;
				CLANG_WARN_INFINITE_RECURSION = YES;
				CLANG_WARN_INT_CONVERSION = YES;
				CLANG_WARN_NON_LITERAL_NULL_CONVERSION = YES;
				CLANG_WARN_OBJC_IMPLICIT_RETAIN_SELF = YES;
				CLANG_WARN_OBJC_LITERAL_CONVERSION = YES;
				CLANG_WARN_OBJC_ROOT_CLASS = YES_ERROR;
				CLANG_WARN_QUOTED_INCLUDE_IN_FRAMEWORK_HEADER = YES;
				CLANG_WARN_RANGE_LOOP_ANALYSIS = YES;
				CLANG_WARN_STRICT_PROTOTYPES = YES;
				CLANG_WARN_SUSPICIOUS_MOVE = YES;
				CLANG_WARN_UNREACHABLE_CODE = YES;
				CLANG_WARN__DUPLICATE_METHOD_MATCH = YES;
				"CODE_SIGN_IDENTITY[sdk=iphoneos*]" = "iPhone Developer";
				COPY_PHASE_STRIP = YES;
				ENABLE_NS_ASSERTIONS = NO;
				ENABLE_STRICT_OBJC_MSGSEND = YES;
				"EXCLUDED_ARCHS[sdk=iphonesimulator*]" = "";
				GCC_C_LANGUAGE_STANDARD = gnu99;
				GCC_NO_COMMON_BLOCKS = YES;
				GCC_WARN_64_TO_32_BIT_CONVERSION = YES;
				GCC_WARN_ABOUT_RETURN_TYPE = YES_ERROR;
				GCC_WARN_UNDECLARED_SELECTOR = YES;
				GCC_WARN_UNINITIALIZED_AUTOS = YES_AGGRESSIVE;
				GCC_WARN_UNUSED_FUNCTION = YES;
				GCC_WARN_UNUSED_VARIABLE = YES;
				IPHONEOS_DEPLOYMENT_TARGET = 13.4;
				LD_RUNPATH_SEARCH_PATHS = (
					/usr/lib/swift,
					"$(inherited)",
				);
				LIBRARY_SEARCH_PATHS = (
					"\"$(SDKROOT)/usr/lib/swift\"",
					"\"$(TOOLCHAIN_DIR)/usr/lib/swift/$(PLATFORM_NAME)\"",
					"\"$(inherited)\"",
				);
				MTL_ENABLE_DEBUG_INFO = NO;
				OTHER_CPLUSPLUSFLAGS = (
					"$(OTHER_CFLAGS)",
					"-DFOLLY_NO_CONFIG",
					"-DFOLLY_MOBILE=1",
					"-DFOLLY_USE_LIBCPP=1",
					"-DFOLLY_CFG_NO_COROUTINES=1",
					"-DFOLLY_HAVE_CLOCK_GETTIME=1",
				);
				SDKROOT = iphoneos;
				VALIDATE_PRODUCT = YES;
			};
			name = Release;
		};
/* End XCBuildConfiguration section */

/* Begin XCConfigurationList section */
		00E357021AD99517003FC87E /* Build configuration list for PBXNativeTarget "coffee_shopTests" */ = {
			isa = XCConfigurationList;
			buildConfigurations = (
				00E356F61AD99517003FC87E /* Debug */,
				00E356F71AD99517003FC87E /* Release */,
			);
			defaultConfigurationIsVisible = 0;
			defaultConfigurationName = Release;
		};
		13B07F931A680F5B00A75B9A /* Build configuration list for PBXNativeTarget "coffee_shop" */ = {
			isa = XCConfigurationList;
			buildConfigurations = (
				13B07F941A680F5B00A75B9A /* Debug */,
				13B07F951A680F5B00A75B9A /* Release */,
			);
			defaultConfigurationIsVisible = 0;
			defaultConfigurationName = Release;
		};
		83CBB9FA1A601CBA00E9B192 /* Build configuration list for PBXProject "coffee_shop" */ = {
			isa = XCConfigurationList;
			buildConfigurations = (
				83CBBA201A601CBA00E9B192 /* Debug */,
				83CBBA211A601CBA00E9B192 /* Release */,
			);
			defaultConfigurationIsVisible = 0;
			defaultConfigurationName = Release;
		};
/* End XCConfigurationList section */
	};
	rootObject = 83CBB9F71A601CBA00E9B192 /* Project object */;
}
